
Microsoft Visual Studio Solution File, Format Version 12.00
# Visual Studio Version 16
VisualStudioVersion = 16.0.30204.135
MinimumVisualStudioVersion = 10.0.40219.1
Project("{FAE04EC0-301F-11D3-BF4B-00C04F79EFBC}") = "Labirent", "Labirent\Labirent.csproj", "{3695A678-5719-4B6F-A04B-50772ED272F7}"
EndProject
Global
	GlobalSection(SolutionConfigurationPlatforms) = preSolution
		Debug|Any CPU = Debug|Any CPU
		Release|Any CPU = Release|Any CPU
	EndGlobalSection
	GlobalSection(ProjectConfigurationPlatforms) = postSolution
		{3695A678-5719-4B6F-A04B-50772ED272F7}.Debug|Any CPU.ActiveCfg = Debug|Any CPU
		{3695A678-5719-4B6F-A04B-50772ED272F7}.Debug|Any CPU.Build.0 = Debug|Any CPU
		{3695A678-5719-4B6F-A04B-50772ED272F7}.Release|Any CPU.ActiveCfg = Release|Any CPU
		{3695A678-5719-4B6F-A04B-50772ED272F7}.Release|Any CPU.Build.0 = Release|Any CPU
	EndGlobalSection
	GlobalSection(SolutionProperties) = preSolution
		HideSolutionNode = FALSE
	EndGlobalSection
	GlobalSection(ExtensibilityGlobals) = postSolution
		SolutionGuid = {C7169A55-0D24-4F32-A1AE-ABD562EB3BDF}
	EndGlobalSection
EndGlobal
